
Microsoft Visual Studio Solution File, Format Version 12.00
# Visual Studio Version 17
VisualStudioVersion = 17.8.34511.84
MinimumVisualStudioVersion = 10.0.40219.1
Project("{FAE04EC0-301F-11D3-BF4B-00C04F79EFBC}") = "AntiCheat", "AntiCheat\AntiCheat.csproj", "{4614E6B0-A685-4525-BA01-A3E667AF9A8F}"
EndProject
Global
	GlobalSection(SolutionConfigurationPlatforms) = preSolution
		Debug|Any CPU = Debug|Any CPU
		Release|Any CPU = Release|Any CPU
	EndGlobalSection
	GlobalSection(ProjectConfigurationPlatforms) = postSolution
		{4614E6B0-A685-4525-BA01-A3E667AF9A8F}.Debug|Any CPU.ActiveCfg = Debug|Any CPU
		{4614E6B0-A685-4525-BA01-A3E667AF9A8F}.Debug|Any CPU.Build.0 = Debug|Any CPU
		{4614E6B0-A685-4525-BA01-A3E667AF9A8F}.Release|Any CPU.ActiveCfg = Release|Any CPU
		{4614E6B0-A685-4525-BA01-A3E667AF9A8F}.Release|Any CPU.Build.0 = Release|Any CPU
	EndGlobalSection
	GlobalSection(SolutionProperties) = preSolution
		HideSolutionNode = FALSE
	EndGlobalSection
	GlobalSection(ExtensibilityGlobals) = postSolution
		SolutionGuid = {CD30B3E8-77B5-4A33-81C4-793BDB928C21}
	EndGlobalSection
EndGlobal
